
Microsoft Visual Studio Solution File, Format Version 12.00
# Visual Studio 15
VisualStudioVersion = 15.0.28307.572
MinimumVisualStudioVersion = 10.0.40219.1
Project("{FAE04EC0-301F-11D3-BF4B-00C04F79EFBC}") = "Engine_Test", "Engine_Test\Engine_Test.csproj", "{178E7641-FB4D-41E9-A250-120A2B834912}"
EndProject
Project("{FAE04EC0-301F-11D3-BF4B-00C04F79EFBC}") = "Acoustic_Engine", "Acoustic_Engine\Acoustic_Engine.csproj", "{68300030-BC17-49BD-A363-CFCD3828E812}"
	ProjectSection(ProjectDependencies) = postProject
		{89AB2DCB-EF87-4CBA-B59C-C16A8A71D333} = {89AB2DCB-EF87-4CBA-B59C-C16A8A71D333}
	EndProjectSection
EndProject
Project("{FAE04EC0-301F-11D3-BF4B-00C04F79EFBC}") = "Data_Engine", "Data_Engine\Data_Engine.csproj", "{8082CA2A-AC5C-4690-9F09-960E0D3E4102}"
EndProject
Project("{FAE04EC0-301F-11D3-BF4B-00C04F79EFBC}") = "Speech_Engine", "Speech_Engine\Speech_Engine.csproj", "{CE5C3A41-B40B-4B4B-8748-FFC590E91669}"
EndProject
Project("{FAE04EC0-301F-11D3-BF4B-00C04F79EFBC}") = "BHoM_Engine", "BHoM_Engine\BHoM_Engine.csproj", "{1AD45C88-DD54-48E5-951F-55EDFEB70E35}"
EndProject
Project("{FAE04EC0-301F-11D3-BF4B-00C04F79EFBC}") = "Reflection_Engine", "Reflection_Engine\Reflection_Engine.csproj", "{B0154405-9390-472D-9B5C-A2280823B18D}"
EndProject
Project("{FAE04EC0-301F-11D3-BF4B-00C04F79EFBC}") = "Geometry_Engine", "Geometry_Engine\Geometry_Engine.csproj", "{89AB2DCB-EF87-4CBA-B59C-C16A8A71D333}"
EndProject
Project("{FAE04EC0-301F-11D3-BF4B-00C04F79EFBC}") = "Structure_Engine", "Structure_Engine\Structure_Engine.csproj", "{52A31A0A-E340-4909-AAD6-228045B07BF3}"
EndProject
Project("{FAE04EC0-301F-11D3-BF4B-00C04F79EFBC}") = "SVG_Engine", "SVG_Engine\SVG_Engine.csproj", "{D5C7704D-F59A-4FC6-8D1E-356699A174E0}"
EndProject
Project("{FAE04EC0-301F-11D3-BF4B-00C04F79EFBC}") = "Architecture_Engine", "Architecture_Engine\Architecture_Engine.csproj", "{338E9DA8-8AAF-4F51-B4AD-264B5F329A5F}"
	ProjectSection(ProjectDependencies) = postProject
		{F17DF4D6-D155-4FFA-9917-EF1487FAA978} = {F17DF4D6-D155-4FFA-9917-EF1487FAA978}
	EndProjectSection
EndProject
Project("{FAE04EC0-301F-11D3-BF4B-00C04F79EFBC}") = "Environment_Engine", "Environment_Engine\Environment_Engine.csproj", "{3E563667-E18A-4057-B183-6C758B8EF823}"
	ProjectSection(ProjectDependencies) = postProject
		{52A31A0A-E340-4909-AAD6-228045B07BF3} = {52A31A0A-E340-4909-AAD6-228045B07BF3}
		{89AB2DCB-EF87-4CBA-B59C-C16A8A71D333} = {89AB2DCB-EF87-4CBA-B59C-C16A8A71D333}
	EndProjectSection
EndProject
Project("{FAE04EC0-301F-11D3-BF4B-00C04F79EFBC}") = "Humans_Engine", "Humans_Engine\Humans_Engine.csproj", "{F17DF4D6-D155-4FFA-9917-EF1487FAA978}"
EndProject
Project("{FAE04EC0-301F-11D3-BF4B-00C04F79EFBC}") = "Common_Engine", "Common_Engine\Common_Engine.csproj", "{8D8CD66F-76F3-4750-936D-380D51BC67D6}"
EndProject
Project("{FAE04EC0-301F-11D3-BF4B-00C04F79EFBC}") = "Serialiser_Engine", "Serialiser_Engine\Serialiser_Engine.csproj", "{B013F0DA-7D21-4339-85FC-013EDD518C6D}"
EndProject
Project("{FAE04EC0-301F-11D3-BF4B-00C04F79EFBC}") = "Library_Engine", "Library_Engine\Library_Engine.csproj", "{FB4ED5C8-E7CC-44B3-95EB-95C304D54E5D}"
EndProject
Project("{FAE04EC0-301F-11D3-BF4B-00C04F79EFBC}") = "Results_Engine", "Results_Engine\Results_Engine.csproj", "{6E8ACD42-09E9-4660-833B-0143B4316ED7}"
EndProject
Project("{FAE04EC0-301F-11D3-BF4B-00C04F79EFBC}") = "Planning_Engine", "Planning_Engine\Planning_Engine.csproj", "{BBC1B178-FE93-4A89-9BB8-36D50E877D73}"
EndProject
Project("{FAE04EC0-301F-11D3-BF4B-00C04F79EFBC}") = "Testing_Engine", "Testing_Engine\Testing_Engine.csproj", "{51BFF4A9-937A-40E8-AD83-D72025F173E6}"
EndProject
Project("{FAE04EC0-301F-11D3-BF4B-00C04F79EFBC}") = "Units_Engine", "Units_Engine\Units_Engine.csproj", "{681369AE-61EB-4D44-95CC-E68194A07255}"
EndProject
Project("{FAE04EC0-301F-11D3-BF4B-00C04F79EFBC}") = "Analytical_Engine", "Analytical_Engine\Analytical_Engine.csproj", "{B3342B93-FDBC-465B-B2E7-DA463589C96B}"
EndProject
Project("{FAE04EC0-301F-11D3-BF4B-00C04F79EFBC}") = "Physical_Engine", "Physical_Engine\Physical_Engine.csproj", "{F2073888-9BD8-4D8F-9B3C-27577B388530}"
EndProject
Global
	GlobalSection(SolutionConfigurationPlatforms) = preSolution
		Debug|Any CPU = Debug|Any CPU
		Debug|x86 = Debug|x86
		Release|Any CPU = Release|Any CPU
		Release|x86 = Release|x86
	EndGlobalSection
	GlobalSection(ProjectConfigurationPlatforms) = postSolution
		{178E7641-FB4D-41E9-A250-120A2B834912}.Debug|Any CPU.ActiveCfg = Debug|Any CPU
		{178E7641-FB4D-41E9-A250-120A2B834912}.Debug|Any CPU.Build.0 = Debug|Any CPU
		{178E7641-FB4D-41E9-A250-120A2B834912}.Debug|x86.ActiveCfg = Release|Any CPU
		{178E7641-FB4D-41E9-A250-120A2B834912}.Debug|x86.Build.0 = Release|Any CPU
		{178E7641-FB4D-41E9-A250-120A2B834912}.Release|Any CPU.ActiveCfg = Release|Any CPU
		{178E7641-FB4D-41E9-A250-120A2B834912}.Release|Any CPU.Build.0 = Release|Any CPU
		{178E7641-FB4D-41E9-A250-120A2B834912}.Release|x86.ActiveCfg = Release|Any CPU
		{178E7641-FB4D-41E9-A250-120A2B834912}.Release|x86.Build.0 = Release|Any CPU
		{68300030-BC17-49BD-A363-CFCD3828E812}.Debug|Any CPU.ActiveCfg = Debug|Any CPU
		{68300030-BC17-49BD-A363-CFCD3828E812}.Debug|Any CPU.Build.0 = Debug|Any CPU
		{68300030-BC17-49BD-A363-CFCD3828E812}.Debug|x86.ActiveCfg = Debug|Any CPU
		{68300030-BC17-49BD-A363-CFCD3828E812}.Debug|x86.Build.0 = Debug|Any CPU
		{68300030-BC17-49BD-A363-CFCD3828E812}.Release|Any CPU.ActiveCfg = Release|Any CPU
		{68300030-BC17-49BD-A363-CFCD3828E812}.Release|Any CPU.Build.0 = Release|Any CPU
		{68300030-BC17-49BD-A363-CFCD3828E812}.Release|x86.ActiveCfg = Release|Any CPU
		{68300030-BC17-49BD-A363-CFCD3828E812}.Release|x86.Build.0 = Release|Any CPU
		{8082CA2A-AC5C-4690-9F09-960E0D3E4102}.Debug|Any CPU.ActiveCfg = Debug|Any CPU
		{8082CA2A-AC5C-4690-9F09-960E0D3E4102}.Debug|Any CPU.Build.0 = Debug|Any CPU
		{8082CA2A-AC5C-4690-9F09-960E0D3E4102}.Debug|x86.ActiveCfg = Debug|Any CPU
		{8082CA2A-AC5C-4690-9F09-960E0D3E4102}.Debug|x86.Build.0 = Debug|Any CPU
		{8082CA2A-AC5C-4690-9F09-960E0D3E4102}.Release|Any CPU.ActiveCfg = Release|Any CPU
		{8082CA2A-AC5C-4690-9F09-960E0D3E4102}.Release|Any CPU.Build.0 = Release|Any CPU
		{8082CA2A-AC5C-4690-9F09-960E0D3E4102}.Release|x86.ActiveCfg = Release|Any CPU
		{8082CA2A-AC5C-4690-9F09-960E0D3E4102}.Release|x86.Build.0 = Release|Any CPU
		{CE5C3A41-B40B-4B4B-8748-FFC590E91669}.Debug|Any CPU.ActiveCfg = Debug|Any CPU
		{CE5C3A41-B40B-4B4B-8748-FFC590E91669}.Debug|Any CPU.Build.0 = Debug|Any CPU
		{CE5C3A41-B40B-4B4B-8748-FFC590E91669}.Debug|x86.ActiveCfg = Debug|Any CPU
		{CE5C3A41-B40B-4B4B-8748-FFC590E91669}.Debug|x86.Build.0 = Debug|Any CPU
		{CE5C3A41-B40B-4B4B-8748-FFC590E91669}.Release|Any CPU.ActiveCfg = Release|Any CPU
		{CE5C3A41-B40B-4B4B-8748-FFC590E91669}.Release|Any CPU.Build.0 = Release|Any CPU
		{CE5C3A41-B40B-4B4B-8748-FFC590E91669}.Release|x86.ActiveCfg = Release|Any CPU
		{CE5C3A41-B40B-4B4B-8748-FFC590E91669}.Release|x86.Build.0 = Release|Any CPU
		{1AD45C88-DD54-48E5-951F-55EDFEB70E35}.Debug|Any CPU.ActiveCfg = Debug|Any CPU
		{1AD45C88-DD54-48E5-951F-55EDFEB70E35}.Debug|Any CPU.Build.0 = Debug|Any CPU
		{1AD45C88-DD54-48E5-951F-55EDFEB70E35}.Debug|x86.ActiveCfg = Debug|Any CPU
		{1AD45C88-DD54-48E5-951F-55EDFEB70E35}.Debug|x86.Build.0 = Debug|Any CPU
		{1AD45C88-DD54-48E5-951F-55EDFEB70E35}.Release|Any CPU.ActiveCfg = Release|Any CPU
		{1AD45C88-DD54-48E5-951F-55EDFEB70E35}.Release|Any CPU.Build.0 = Release|Any CPU
		{1AD45C88-DD54-48E5-951F-55EDFEB70E35}.Release|x86.ActiveCfg = Release|Any CPU
		{1AD45C88-DD54-48E5-951F-55EDFEB70E35}.Release|x86.Build.0 = Release|Any CPU
		{B0154405-9390-472D-9B5C-A2280823B18D}.Debug|Any CPU.ActiveCfg = Debug|Any CPU
		{B0154405-9390-472D-9B5C-A2280823B18D}.Debug|Any CPU.Build.0 = Debug|Any CPU
		{B0154405-9390-472D-9B5C-A2280823B18D}.Debug|x86.ActiveCfg = Debug|Any CPU
		{B0154405-9390-472D-9B5C-A2280823B18D}.Debug|x86.Build.0 = Debug|Any CPU
		{B0154405-9390-472D-9B5C-A2280823B18D}.Release|Any CPU.ActiveCfg = Release|Any CPU
		{B0154405-9390-472D-9B5C-A2280823B18D}.Release|Any CPU.Build.0 = Release|Any CPU
		{B0154405-9390-472D-9B5C-A2280823B18D}.Release|x86.ActiveCfg = Release|Any CPU
		{B0154405-9390-472D-9B5C-A2280823B18D}.Release|x86.Build.0 = Release|Any CPU
		{89AB2DCB-EF87-4CBA-B59C-C16A8A71D333}.Debug|Any CPU.ActiveCfg = Debug|Any CPU
		{89AB2DCB-EF87-4CBA-B59C-C16A8A71D333}.Debug|Any CPU.Build.0 = Debug|Any CPU
		{89AB2DCB-EF87-4CBA-B59C-C16A8A71D333}.Debug|Any CPU.Deploy.0 = Debug|Any CPU
		{89AB2DCB-EF87-4CBA-B59C-C16A8A71D333}.Debug|x86.ActiveCfg = Debug|Any CPU
		{89AB2DCB-EF87-4CBA-B59C-C16A8A71D333}.Debug|x86.Build.0 = Debug|Any CPU
		{89AB2DCB-EF87-4CBA-B59C-C16A8A71D333}.Release|Any CPU.ActiveCfg = Release|Any CPU
		{89AB2DCB-EF87-4CBA-B59C-C16A8A71D333}.Release|Any CPU.Build.0 = Release|Any CPU
		{89AB2DCB-EF87-4CBA-B59C-C16A8A71D333}.Release|x86.ActiveCfg = Release|Any CPU
		{89AB2DCB-EF87-4CBA-B59C-C16A8A71D333}.Release|x86.Build.0 = Release|Any CPU
		{52A31A0A-E340-4909-AAD6-228045B07BF3}.Debug|Any CPU.ActiveCfg = Debug|Any CPU
		{52A31A0A-E340-4909-AAD6-228045B07BF3}.Debug|Any CPU.Build.0 = Debug|Any CPU
		{52A31A0A-E340-4909-AAD6-228045B07BF3}.Debug|x86.ActiveCfg = Debug|Any CPU
		{52A31A0A-E340-4909-AAD6-228045B07BF3}.Debug|x86.Build.0 = Debug|Any CPU
		{52A31A0A-E340-4909-AAD6-228045B07BF3}.Release|Any CPU.ActiveCfg = Release|Any CPU
		{52A31A0A-E340-4909-AAD6-228045B07BF3}.Release|Any CPU.Build.0 = Release|Any CPU
		{52A31A0A-E340-4909-AAD6-228045B07BF3}.Release|x86.ActiveCfg = Release|Any CPU
		{52A31A0A-E340-4909-AAD6-228045B07BF3}.Release|x86.Build.0 = Release|Any CPU
		{D5C7704D-F59A-4FC6-8D1E-356699A174E0}.Debug|Any CPU.ActiveCfg = Debug|Any CPU
		{D5C7704D-F59A-4FC6-8D1E-356699A174E0}.Debug|Any CPU.Build.0 = Debug|Any CPU
		{D5C7704D-F59A-4FC6-8D1E-356699A174E0}.Debug|x86.ActiveCfg = Debug|Any CPU
		{D5C7704D-F59A-4FC6-8D1E-356699A174E0}.Debug|x86.Build.0 = Debug|Any CPU
		{D5C7704D-F59A-4FC6-8D1E-356699A174E0}.Release|Any CPU.ActiveCfg = Release|Any CPU
		{D5C7704D-F59A-4FC6-8D1E-356699A174E0}.Release|Any CPU.Build.0 = Release|Any CPU
		{D5C7704D-F59A-4FC6-8D1E-356699A174E0}.Release|x86.ActiveCfg = Release|Any CPU
		{D5C7704D-F59A-4FC6-8D1E-356699A174E0}.Release|x86.Build.0 = Release|Any CPU
		{338E9DA8-8AAF-4F51-B4AD-264B5F329A5F}.Debug|Any CPU.ActiveCfg = Debug|Any CPU
		{338E9DA8-8AAF-4F51-B4AD-264B5F329A5F}.Debug|Any CPU.Build.0 = Debug|Any CPU
		{338E9DA8-8AAF-4F51-B4AD-264B5F329A5F}.Debug|x86.ActiveCfg = Debug|Any CPU
		{338E9DA8-8AAF-4F51-B4AD-264B5F329A5F}.Debug|x86.Build.0 = Debug|Any CPU
		{338E9DA8-8AAF-4F51-B4AD-264B5F329A5F}.Release|Any CPU.ActiveCfg = Release|Any CPU
		{338E9DA8-8AAF-4F51-B4AD-264B5F329A5F}.Release|Any CPU.Build.0 = Release|Any CPU
		{338E9DA8-8AAF-4F51-B4AD-264B5F329A5F}.Release|x86.ActiveCfg = Release|Any CPU
		{338E9DA8-8AAF-4F51-B4AD-264B5F329A5F}.Release|x86.Build.0 = Release|Any CPU
		{3E563667-E18A-4057-B183-6C758B8EF823}.Debug|Any CPU.ActiveCfg = Debug|Any CPU
		{3E563667-E18A-4057-B183-6C758B8EF823}.Debug|Any CPU.Build.0 = Debug|Any CPU
		{3E563667-E18A-4057-B183-6C758B8EF823}.Debug|x86.ActiveCfg = Debug|Any CPU
		{3E563667-E18A-4057-B183-6C758B8EF823}.Debug|x86.Build.0 = Debug|Any CPU
		{3E563667-E18A-4057-B183-6C758B8EF823}.Release|Any CPU.ActiveCfg = Release|Any CPU
		{3E563667-E18A-4057-B183-6C758B8EF823}.Release|Any CPU.Build.0 = Release|Any CPU
		{3E563667-E18A-4057-B183-6C758B8EF823}.Release|x86.ActiveCfg = Release|Any CPU
		{3E563667-E18A-4057-B183-6C758B8EF823}.Release|x86.Build.0 = Release|Any CPU
		{F17DF4D6-D155-4FFA-9917-EF1487FAA978}.Debug|Any CPU.ActiveCfg = Debug|Any CPU
		{F17DF4D6-D155-4FFA-9917-EF1487FAA978}.Debug|Any CPU.Build.0 = Debug|Any CPU
		{F17DF4D6-D155-4FFA-9917-EF1487FAA978}.Debug|x86.ActiveCfg = Debug|Any CPU
		{F17DF4D6-D155-4FFA-9917-EF1487FAA978}.Debug|x86.Build.0 = Debug|Any CPU
		{F17DF4D6-D155-4FFA-9917-EF1487FAA978}.Release|Any CPU.ActiveCfg = Release|Any CPU
		{F17DF4D6-D155-4FFA-9917-EF1487FAA978}.Release|Any CPU.Build.0 = Release|Any CPU
		{F17DF4D6-D155-4FFA-9917-EF1487FAA978}.Release|x86.ActiveCfg = Release|Any CPU
		{F17DF4D6-D155-4FFA-9917-EF1487FAA978}.Release|x86.Build.0 = Release|Any CPU
		{8D8CD66F-76F3-4750-936D-380D51BC67D6}.Debug|Any CPU.ActiveCfg = Debug|Any CPU
		{8D8CD66F-76F3-4750-936D-380D51BC67D6}.Debug|Any CPU.Build.0 = Debug|Any CPU
		{8D8CD66F-76F3-4750-936D-380D51BC67D6}.Debug|x86.ActiveCfg = Debug|Any CPU
		{8D8CD66F-76F3-4750-936D-380D51BC67D6}.Debug|x86.Build.0 = Debug|Any CPU
		{8D8CD66F-76F3-4750-936D-380D51BC67D6}.Release|Any CPU.ActiveCfg = Release|Any CPU
		{8D8CD66F-76F3-4750-936D-380D51BC67D6}.Release|Any CPU.Build.0 = Release|Any CPU
		{8D8CD66F-76F3-4750-936D-380D51BC67D6}.Release|x86.ActiveCfg = Release|Any CPU
		{8D8CD66F-76F3-4750-936D-380D51BC67D6}.Release|x86.Build.0 = Release|Any CPU
		{B013F0DA-7D21-4339-85FC-013EDD518C6D}.Debug|Any CPU.ActiveCfg = Debug|Any CPU
		{B013F0DA-7D21-4339-85FC-013EDD518C6D}.Debug|Any CPU.Build.0 = Debug|Any CPU
		{B013F0DA-7D21-4339-85FC-013EDD518C6D}.Debug|x86.ActiveCfg = Debug|Any CPU
		{B013F0DA-7D21-4339-85FC-013EDD518C6D}.Debug|x86.Build.0 = Debug|Any CPU
		{B013F0DA-7D21-4339-85FC-013EDD518C6D}.Release|Any CPU.ActiveCfg = Release|Any CPU
		{B013F0DA-7D21-4339-85FC-013EDD518C6D}.Release|Any CPU.Build.0 = Release|Any CPU
		{B013F0DA-7D21-4339-85FC-013EDD518C6D}.Release|x86.ActiveCfg = Release|Any CPU
		{B013F0DA-7D21-4339-85FC-013EDD518C6D}.Release|x86.Build.0 = Release|Any CPU
		{FB4ED5C8-E7CC-44B3-95EB-95C304D54E5D}.Debug|Any CPU.ActiveCfg = Debug|Any CPU
		{FB4ED5C8-E7CC-44B3-95EB-95C304D54E5D}.Debug|Any CPU.Build.0 = Debug|Any CPU
		{FB4ED5C8-E7CC-44B3-95EB-95C304D54E5D}.Debug|x86.ActiveCfg = Debug|Any CPU
		{FB4ED5C8-E7CC-44B3-95EB-95C304D54E5D}.Debug|x86.Build.0 = Debug|Any CPU
		{FB4ED5C8-E7CC-44B3-95EB-95C304D54E5D}.Release|Any CPU.ActiveCfg = Release|Any CPU
		{FB4ED5C8-E7CC-44B3-95EB-95C304D54E5D}.Release|Any CPU.Build.0 = Release|Any CPU
		{FB4ED5C8-E7CC-44B3-95EB-95C304D54E5D}.Release|x86.ActiveCfg = Release|Any CPU
		{FB4ED5C8-E7CC-44B3-95EB-95C304D54E5D}.Release|x86.Build.0 = Release|Any CPU
		{6E8ACD42-09E9-4660-833B-0143B4316ED7}.Debug|Any CPU.ActiveCfg = Debug|Any CPU
		{6E8ACD42-09E9-4660-833B-0143B4316ED7}.Debug|Any CPU.Build.0 = Debug|Any CPU
		{6E8ACD42-09E9-4660-833B-0143B4316ED7}.Debug|x86.ActiveCfg = Debug|Any CPU
		{6E8ACD42-09E9-4660-833B-0143B4316ED7}.Debug|x86.Build.0 = Debug|Any CPU
		{6E8ACD42-09E9-4660-833B-0143B4316ED7}.Release|Any CPU.ActiveCfg = Release|Any CPU
		{6E8ACD42-09E9-4660-833B-0143B4316ED7}.Release|Any CPU.Build.0 = Release|Any CPU
		{6E8ACD42-09E9-4660-833B-0143B4316ED7}.Release|x86.ActiveCfg = Release|Any CPU
		{6E8ACD42-09E9-4660-833B-0143B4316ED7}.Release|x86.Build.0 = Release|Any CPU
		{BBC1B178-FE93-4A89-9BB8-36D50E877D73}.Debug|Any CPU.ActiveCfg = Debug|Any CPU
		{BBC1B178-FE93-4A89-9BB8-36D50E877D73}.Debug|Any CPU.Build.0 = Debug|Any CPU
		{BBC1B178-FE93-4A89-9BB8-36D50E877D73}.Debug|x86.ActiveCfg = Debug|Any CPU
		{BBC1B178-FE93-4A89-9BB8-36D50E877D73}.Debug|x86.Build.0 = Debug|Any CPU
		{BBC1B178-FE93-4A89-9BB8-36D50E877D73}.Release|Any CPU.ActiveCfg = Release|Any CPU
		{BBC1B178-FE93-4A89-9BB8-36D50E877D73}.Release|Any CPU.Build.0 = Release|Any CPU
		{BBC1B178-FE93-4A89-9BB8-36D50E877D73}.Release|x86.ActiveCfg = Release|Any CPU
		{BBC1B178-FE93-4A89-9BB8-36D50E877D73}.Release|x86.Build.0 = Release|Any CPU
		{51BFF4A9-937A-40E8-AD83-D72025F173E6}.Debug|Any CPU.ActiveCfg = Debug|Any CPU
		{51BFF4A9-937A-40E8-AD83-D72025F173E6}.Debug|Any CPU.Build.0 = Debug|Any CPU
		{51BFF4A9-937A-40E8-AD83-D72025F173E6}.Debug|x86.ActiveCfg = Debug|Any CPU
		{51BFF4A9-937A-40E8-AD83-D72025F173E6}.Debug|x86.Build.0 = Debug|Any CPU
		{51BFF4A9-937A-40E8-AD83-D72025F173E6}.Release|Any CPU.ActiveCfg = Release|Any CPU
		{51BFF4A9-937A-40E8-AD83-D72025F173E6}.Release|Any CPU.Build.0 = Release|Any CPU
		{51BFF4A9-937A-40E8-AD83-D72025F173E6}.Release|x86.ActiveCfg = Release|Any CPU
		{51BFF4A9-937A-40E8-AD83-D72025F173E6}.Release|x86.Build.0 = Release|Any CPU
		{681369AE-61EB-4D44-95CC-E68194A07255}.Debug|Any CPU.ActiveCfg = Debug|Any CPU
		{681369AE-61EB-4D44-95CC-E68194A07255}.Debug|Any CPU.Build.0 = Debug|Any CPU
		{681369AE-61EB-4D44-95CC-E68194A07255}.Debug|x86.ActiveCfg = Debug|Any CPU
		{681369AE-61EB-4D44-95CC-E68194A07255}.Debug|x86.Build.0 = Debug|Any CPU
		{681369AE-61EB-4D44-95CC-E68194A07255}.Release|Any CPU.ActiveCfg = Release|Any CPU
		{681369AE-61EB-4D44-95CC-E68194A07255}.Release|Any CPU.Build.0 = Release|Any CPU
		{681369AE-61EB-4D44-95CC-E68194A07255}.Release|x86.ActiveCfg = Release|Any CPU
		{681369AE-61EB-4D44-95CC-E68194A07255}.Release|x86.Build.0 = Release|Any CPU
		{B3342B93-FDBC-465B-B2E7-DA463589C96B}.Debug|Any CPU.ActiveCfg = Debug|Any CPU
		{B3342B93-FDBC-465B-B2E7-DA463589C96B}.Debug|Any CPU.Build.0 = Debug|Any CPU
		{B3342B93-FDBC-465B-B2E7-DA463589C96B}.Debug|x86.ActiveCfg = Debug|Any CPU
		{B3342B93-FDBC-465B-B2E7-DA463589C96B}.Debug|x86.Build.0 = Debug|Any CPU
		{B3342B93-FDBC-465B-B2E7-DA463589C96B}.Release|Any CPU.ActiveCfg = Release|Any CPU
		{B3342B93-FDBC-465B-B2E7-DA463589C96B}.Release|Any CPU.Build.0 = Release|Any CPU
		{B3342B93-FDBC-465B-B2E7-DA463589C96B}.Release|x86.ActiveCfg = Release|Any CPU
		{B3342B93-FDBC-465B-B2E7-DA463589C96B}.Release|x86.Build.0 = Release|Any CPU
		{F2073888-9BD8-4D8F-9B3C-27577B388530}.Debug|Any CPU.ActiveCfg = Debug|Any CPU
		{F2073888-9BD8-4D8F-9B3C-27577B388530}.Debug|Any CPU.Build.0 = Debug|Any CPU
		{F2073888-9BD8-4D8F-9B3C-27577B388530}.Debug|x86.ActiveCfg = Debug|Any CPU
		{F2073888-9BD8-4D8F-9B3C-27577B388530}.Debug|x86.Build.0 = Debug|Any CPU
		{F2073888-9BD8-4D8F-9B3C-27577B388530}.Release|Any CPU.ActiveCfg = Release|Any CPU
		{F2073888-9BD8-4D8F-9B3C-27577B388530}.Release|Any CPU.Build.0 = Release|Any CPU
		{F2073888-9BD8-4D8F-9B3C-27577B388530}.Release|x86.ActiveCfg = Release|Any CPU
		{F2073888-9BD8-4D8F-9B3C-27577B388530}.Release|x86.Build.0 = Release|Any CPU
	EndGlobalSection
	GlobalSection(SolutionProperties) = preSolution
		HideSolutionNode = FALSE
	EndGlobalSection
	GlobalSection(ExtensibilityGlobals) = postSolution
		SolutionGuid = {965C0ED0-3C9E-4C34-8F05-82EFF29B94BB}
	EndGlobalSection
EndGlobal
