
Microsoft Visual Studio Solution File, Format Version 12.00
# Visual Studio 14
VisualStudioVersion = 14.0.24720.0
MinimumVisualStudioVersion = 10.0.40219.1
Project("{FAE04EC0-301F-11D3-BF4B-00C04F79EFBC}") = "Engine_Test", "Engine_Test\Engine_Test.csproj", "{178E7641-FB4D-41E9-A250-120A2B834912}"
	ProjectSection(ProjectDependencies) = postProject
		{DD942373-95D4-46C9-AED7-7B58149F5D2E} = {DD942373-95D4-46C9-AED7-7B58149F5D2E}
	EndProjectSection
EndProject
Project("{FAE04EC0-301F-11D3-BF4B-00C04F79EFBC}") = "FormFinding_Engine", "FormFinding_Engine\FormFinding_Engine.csproj", "{6112D632-6143-4866-9ABA-28CDD1340C6D}"
EndProject
Project("{FAE04EC0-301F-11D3-BF4B-00C04F79EFBC}") = "Graph_Engine", "Graph_Engine\Graph_Engine.csproj", "{8082CA2A-AC5C-4690-9F09-960E0D3E4102}"
EndProject
Project("{FAE04EC0-301F-11D3-BF4B-00C04F79EFBC}") = "ModelLaundry_Engine", "ModelLaundry_Engine\ModelLaundry_Engine.csproj", "{DD942373-95D4-46C9-AED7-7B58149F5D2E}"
EndProject
Global
	GlobalSection(SolutionConfigurationPlatforms) = preSolution
		Debug|Any CPU = Debug|Any CPU
		Release|Any CPU = Release|Any CPU
	EndGlobalSection
	GlobalSection(ProjectConfigurationPlatforms) = postSolution
		{178E7641-FB4D-41E9-A250-120A2B834912}.Debug|Any CPU.ActiveCfg = Debug|Any CPU
		{178E7641-FB4D-41E9-A250-120A2B834912}.Debug|Any CPU.Build.0 = Debug|Any CPU
		{178E7641-FB4D-41E9-A250-120A2B834912}.Release|Any CPU.ActiveCfg = Release|Any CPU
		{178E7641-FB4D-41E9-A250-120A2B834912}.Release|Any CPU.Build.0 = Release|Any CPU
		{6112D632-6143-4866-9ABA-28CDD1340C6D}.Debug|Any CPU.ActiveCfg = Debug|Any CPU
		{6112D632-6143-4866-9ABA-28CDD1340C6D}.Debug|Any CPU.Build.0 = Debug|Any CPU
		{6112D632-6143-4866-9ABA-28CDD1340C6D}.Release|Any CPU.ActiveCfg = Release|Any CPU
		{6112D632-6143-4866-9ABA-28CDD1340C6D}.Release|Any CPU.Build.0 = Release|Any CPU
		{8082CA2A-AC5C-4690-9F09-960E0D3E4102}.Debug|Any CPU.ActiveCfg = Debug|Any CPU
		{8082CA2A-AC5C-4690-9F09-960E0D3E4102}.Debug|Any CPU.Build.0 = Debug|Any CPU
		{8082CA2A-AC5C-4690-9F09-960E0D3E4102}.Release|Any CPU.ActiveCfg = Release|Any CPU
		{8082CA2A-AC5C-4690-9F09-960E0D3E4102}.Release|Any CPU.Build.0 = Release|Any CPU
		{DD942373-95D4-46C9-AED7-7B58149F5D2E}.Debug|Any CPU.ActiveCfg = Debug|Any CPU
		{DD942373-95D4-46C9-AED7-7B58149F5D2E}.Debug|Any CPU.Build.0 = Debug|Any CPU
		{DD942373-95D4-46C9-AED7-7B58149F5D2E}.Release|Any CPU.ActiveCfg = Release|Any CPU
		{DD942373-95D4-46C9-AED7-7B58149F5D2E}.Release|Any CPU.Build.0 = Release|Any CPU
	EndGlobalSection
	GlobalSection(SolutionProperties) = preSolution
		HideSolutionNode = FALSE
	EndGlobalSection
EndGlobal
