
Microsoft Visual Studio Solution File, Format Version 12.00
# Visual Studio Version 16
VisualStudioVersion = 16.0.31205.134
MinimumVisualStudioVersion = 10.0.40219.1
Project("{FAE04EC0-301F-11D3-BF4B-00C04F79EFBC}") = "BHoM_Engine", "BHoM_Engine\BHoM_Engine.csproj", "{56718E64-9B9D-4C17-8A9C-4132734974B7}"
EndProject
Project("{FAE04EC0-301F-11D3-BF4B-00C04F79EFBC}") = "Acoustic_Engine", "Acoustic_Engine\Acoustic_Engine.csproj", "{9626CA28-FFF6-4998-A3D4-A6C7414FE61A}"
EndProject
Project("{FAE04EC0-301F-11D3-BF4B-00C04F79EFBC}") = "Analytical_Engine", "Analytical_Engine\Analytical_Engine.csproj", "{D14F53C9-4BAF-4FE0-942F-0654E1AADC27}"
EndProject
Project("{FAE04EC0-301F-11D3-BF4B-00C04F79EFBC}") = "Architecture_Engine", "Architecture_Engine\Architecture_Engine.csproj", "{E5A129CD-DA72-4563-9A0E-A639A900453F}"
EndProject
Project("{FAE04EC0-301F-11D3-BF4B-00C04F79EFBC}") = "Data_Engine", "Data_Engine\Data_Engine.csproj", "{73B259BD-48ED-41DF-879C-788750862CD0}"
EndProject
Project("{FAE04EC0-301F-11D3-BF4B-00C04F79EFBC}") = "Diffing_Engine", "Diffing_Engine\Diffing_Engine.csproj", "{D04DC64A-96AA-481B-912E-0BB3E58F2222}"
EndProject
Project("{FAE04EC0-301F-11D3-BF4B-00C04F79EFBC}") = "Environment_Engine", "Environment_Engine\Environment_Engine.csproj", "{7FBAAC17-06CE-4EF9-87D6-BB3B4B657DBF}"
EndProject
Project("{FAE04EC0-301F-11D3-BF4B-00C04F79EFBC}") = "Facade_Engine", "Facade_Engine\Facade_Engine.csproj", "{8DBBC9E8-6734-4745-8A2A-B48B753F8B88}"
EndProject
Project("{FAE04EC0-301F-11D3-BF4B-00C04F79EFBC}") = "Geometry_Engine", "Geometry_Engine\Geometry_Engine.csproj", "{0196EB38-B92C-45F5-9C7C-85359418C2BE}"
EndProject
Project("{FAE04EC0-301F-11D3-BF4B-00C04F79EFBC}") = "Graphics_Engine", "Graphics_Engine\Graphics_Engine.csproj", "{F4D30D75-6132-47E7-9857-FED7ACDEAEA5}"
EndProject
Project("{FAE04EC0-301F-11D3-BF4B-00C04F79EFBC}") = "Humans_Engine", "Humans_Engine\Humans_Engine.csproj", "{BD7642E1-D4D0-466C-AF16-93C38E198C63}"
EndProject
Project("{FAE04EC0-301F-11D3-BF4B-00C04F79EFBC}") = "Library_Engine", "Library_Engine\Library_Engine.csproj", "{FB544BB8-2E41-4EF6-B5F9-59FFFAD6286C}"
EndProject
Project("{FAE04EC0-301F-11D3-BF4B-00C04F79EFBC}") = "Lighting_Engine", "Lighting_Engine\Lighting_Engine.csproj", "{E6AD1B39-8D99-412D-A1EA-87E036708C24}"
EndProject
Project("{FAE04EC0-301F-11D3-BF4B-00C04F79EFBC}") = "Matter_Engine", "Matter_Engine\Matter_Engine.csproj", "{E6C815B7-C9AE-41D7-BEEE-8A7674544159}"
EndProject
Project("{FAE04EC0-301F-11D3-BF4B-00C04F79EFBC}") = "MEP_Engine", "MEP_Engine\MEP_Engine.csproj", "{BDD33715-36DA-4C1E-8961-FCF306A80C5E}"
EndProject
Project("{FAE04EC0-301F-11D3-BF4B-00C04F79EFBC}") = "Physical_Engine", "Physical_Engine\Physical_Engine.csproj", "{860B17C7-BCC0-409F-8607-1F6D63C9D6F4}"
EndProject
Project("{FAE04EC0-301F-11D3-BF4B-00C04F79EFBC}") = "Planning_Engine", "Planning_Engine\Planning_Engine.csproj", "{48F1D88F-0209-409B-8F22-B6A34072B1D8}"
EndProject
Project("{FAE04EC0-301F-11D3-BF4B-00C04F79EFBC}") = "Programming_Engine", "Programming_Engine\Programming_Engine.csproj", "{CE19CE15-3646-49D8-A78A-8626F56E5B13}"
EndProject
Project("{FAE04EC0-301F-11D3-BF4B-00C04F79EFBC}") = "Reflection_Engine", "Reflection_Engine\Reflection_Engine.csproj", "{B88ABE39-A885-4EF9-AFD6-16F5D0F9C1D3}"
EndProject
Project("{FAE04EC0-301F-11D3-BF4B-00C04F79EFBC}") = "Results_Engine", "Results_Engine\Results_Engine.csproj", "{8E340E83-A0B2-42C1-99D0-CBDD5708ED00}"
EndProject
Project("{FAE04EC0-301F-11D3-BF4B-00C04F79EFBC}") = "Security_Engine", "Security_Engine\Security_Engine.csproj", "{E22D01A9-7E71-401A-9AD9-7CA7F40CB6E8}"
EndProject
Project("{FAE04EC0-301F-11D3-BF4B-00C04F79EFBC}") = "Serialiser_Engine", "Serialiser_Engine\Serialiser_Engine.csproj", "{0F8AAD2A-A076-4AFD-B062-7EED6BF1774F}"
EndProject
Project("{FAE04EC0-301F-11D3-BF4B-00C04F79EFBC}") = "Spatial_Engine", "Spatial_Engine\Spatial_Engine.csproj", "{B285FF14-8916-4D57-B451-5653EF1B9EB1}"
EndProject
Project("{FAE04EC0-301F-11D3-BF4B-00C04F79EFBC}") = "Speech_Engine", "Speech_Engine\Speech_Engine.csproj", "{3B0A5DD3-7056-4E68-9DF3-56C6F270941A}"
EndProject
Project("{FAE04EC0-301F-11D3-BF4B-00C04F79EFBC}") = "Structure_Engine", "Structure_Engine\Structure_Engine.csproj", "{05D87A3C-0D76-46FA-A83D-0765CB335800}"
EndProject
Project("{FAE04EC0-301F-11D3-BF4B-00C04F79EFBC}") = "Versioning_Engine", "Versioning_Engine\Versioning_Engine.csproj", "{56E9DD8E-D140-4287-A388-18870AE58C02}"
EndProject
Global
	GlobalSection(SolutionConfigurationPlatforms) = preSolution
		Debug|Any CPU = Debug|Any CPU
		Release|Any CPU = Release|Any CPU
	EndGlobalSection
	GlobalSection(ProjectConfigurationPlatforms) = postSolution
		{56718E64-9B9D-4C17-8A9C-4132734974B7}.Debug|Any CPU.ActiveCfg = Debug|Any CPU
		{56718E64-9B9D-4C17-8A9C-4132734974B7}.Debug|Any CPU.Build.0 = Debug|Any CPU
		{56718E64-9B9D-4C17-8A9C-4132734974B7}.Release|Any CPU.ActiveCfg = Release|Any CPU
		{56718E64-9B9D-4C17-8A9C-4132734974B7}.Release|Any CPU.Build.0 = Release|Any CPU
		{9626CA28-FFF6-4998-A3D4-A6C7414FE61A}.Debug|Any CPU.ActiveCfg = Debug|Any CPU
		{9626CA28-FFF6-4998-A3D4-A6C7414FE61A}.Debug|Any CPU.Build.0 = Debug|Any CPU
		{9626CA28-FFF6-4998-A3D4-A6C7414FE61A}.Release|Any CPU.ActiveCfg = Release|Any CPU
		{9626CA28-FFF6-4998-A3D4-A6C7414FE61A}.Release|Any CPU.Build.0 = Release|Any CPU
		{D14F53C9-4BAF-4FE0-942F-0654E1AADC27}.Debug|Any CPU.ActiveCfg = Debug|Any CPU
		{D14F53C9-4BAF-4FE0-942F-0654E1AADC27}.Debug|Any CPU.Build.0 = Debug|Any CPU
		{D14F53C9-4BAF-4FE0-942F-0654E1AADC27}.Release|Any CPU.ActiveCfg = Release|Any CPU
		{D14F53C9-4BAF-4FE0-942F-0654E1AADC27}.Release|Any CPU.Build.0 = Release|Any CPU
		{E5A129CD-DA72-4563-9A0E-A639A900453F}.Debug|Any CPU.ActiveCfg = Debug|Any CPU
		{E5A129CD-DA72-4563-9A0E-A639A900453F}.Debug|Any CPU.Build.0 = Debug|Any CPU
		{E5A129CD-DA72-4563-9A0E-A639A900453F}.Release|Any CPU.ActiveCfg = Release|Any CPU
		{E5A129CD-DA72-4563-9A0E-A639A900453F}.Release|Any CPU.Build.0 = Release|Any CPU
		{73B259BD-48ED-41DF-879C-788750862CD0}.Debug|Any CPU.ActiveCfg = Debug|Any CPU
		{73B259BD-48ED-41DF-879C-788750862CD0}.Debug|Any CPU.Build.0 = Debug|Any CPU
		{73B259BD-48ED-41DF-879C-788750862CD0}.Release|Any CPU.ActiveCfg = Release|Any CPU
		{73B259BD-48ED-41DF-879C-788750862CD0}.Release|Any CPU.Build.0 = Release|Any CPU
		{D04DC64A-96AA-481B-912E-0BB3E58F2222}.Debug|Any CPU.ActiveCfg = Debug|Any CPU
		{D04DC64A-96AA-481B-912E-0BB3E58F2222}.Debug|Any CPU.Build.0 = Debug|Any CPU
		{D04DC64A-96AA-481B-912E-0BB3E58F2222}.Release|Any CPU.ActiveCfg = Release|Any CPU
		{D04DC64A-96AA-481B-912E-0BB3E58F2222}.Release|Any CPU.Build.0 = Release|Any CPU
		{7FBAAC17-06CE-4EF9-87D6-BB3B4B657DBF}.Debug|Any CPU.ActiveCfg = Debug|Any CPU
		{7FBAAC17-06CE-4EF9-87D6-BB3B4B657DBF}.Debug|Any CPU.Build.0 = Debug|Any CPU
		{7FBAAC17-06CE-4EF9-87D6-BB3B4B657DBF}.Release|Any CPU.ActiveCfg = Release|Any CPU
		{7FBAAC17-06CE-4EF9-87D6-BB3B4B657DBF}.Release|Any CPU.Build.0 = Release|Any CPU
		{8DBBC9E8-6734-4745-8A2A-B48B753F8B88}.Debug|Any CPU.ActiveCfg = Debug|Any CPU
		{8DBBC9E8-6734-4745-8A2A-B48B753F8B88}.Debug|Any CPU.Build.0 = Debug|Any CPU
		{8DBBC9E8-6734-4745-8A2A-B48B753F8B88}.Release|Any CPU.ActiveCfg = Release|Any CPU
		{8DBBC9E8-6734-4745-8A2A-B48B753F8B88}.Release|Any CPU.Build.0 = Release|Any CPU
		{0196EB38-B92C-45F5-9C7C-85359418C2BE}.Debug|Any CPU.ActiveCfg = Debug|Any CPU
		{0196EB38-B92C-45F5-9C7C-85359418C2BE}.Debug|Any CPU.Build.0 = Debug|Any CPU
		{0196EB38-B92C-45F5-9C7C-85359418C2BE}.Release|Any CPU.ActiveCfg = Release|Any CPU
		{0196EB38-B92C-45F5-9C7C-85359418C2BE}.Release|Any CPU.Build.0 = Release|Any CPU
		{F4D30D75-6132-47E7-9857-FED7ACDEAEA5}.Debug|Any CPU.ActiveCfg = Debug|Any CPU
		{F4D30D75-6132-47E7-9857-FED7ACDEAEA5}.Debug|Any CPU.Build.0 = Debug|Any CPU
		{F4D30D75-6132-47E7-9857-FED7ACDEAEA5}.Release|Any CPU.ActiveCfg = Release|Any CPU
		{F4D30D75-6132-47E7-9857-FED7ACDEAEA5}.Release|Any CPU.Build.0 = Release|Any CPU
		{BD7642E1-D4D0-466C-AF16-93C38E198C63}.Debug|Any CPU.ActiveCfg = Debug|Any CPU
		{BD7642E1-D4D0-466C-AF16-93C38E198C63}.Debug|Any CPU.Build.0 = Debug|Any CPU
		{BD7642E1-D4D0-466C-AF16-93C38E198C63}.Release|Any CPU.ActiveCfg = Release|Any CPU
		{BD7642E1-D4D0-466C-AF16-93C38E198C63}.Release|Any CPU.Build.0 = Release|Any CPU
		{FB544BB8-2E41-4EF6-B5F9-59FFFAD6286C}.Debug|Any CPU.ActiveCfg = Debug|Any CPU
		{FB544BB8-2E41-4EF6-B5F9-59FFFAD6286C}.Debug|Any CPU.Build.0 = Debug|Any CPU
		{FB544BB8-2E41-4EF6-B5F9-59FFFAD6286C}.Release|Any CPU.ActiveCfg = Release|Any CPU
		{FB544BB8-2E41-4EF6-B5F9-59FFFAD6286C}.Release|Any CPU.Build.0 = Release|Any CPU
		{E6AD1B39-8D99-412D-A1EA-87E036708C24}.Debug|Any CPU.ActiveCfg = Debug|Any CPU
		{E6AD1B39-8D99-412D-A1EA-87E036708C24}.Debug|Any CPU.Build.0 = Debug|Any CPU
		{E6AD1B39-8D99-412D-A1EA-87E036708C24}.Release|Any CPU.ActiveCfg = Release|Any CPU
		{E6AD1B39-8D99-412D-A1EA-87E036708C24}.Release|Any CPU.Build.0 = Release|Any CPU
		{E6C815B7-C9AE-41D7-BEEE-8A7674544159}.Debug|Any CPU.ActiveCfg = Debug|Any CPU
		{E6C815B7-C9AE-41D7-BEEE-8A7674544159}.Debug|Any CPU.Build.0 = Debug|Any CPU
		{E6C815B7-C9AE-41D7-BEEE-8A7674544159}.Release|Any CPU.ActiveCfg = Release|Any CPU
		{E6C815B7-C9AE-41D7-BEEE-8A7674544159}.Release|Any CPU.Build.0 = Release|Any CPU
		{BDD33715-36DA-4C1E-8961-FCF306A80C5E}.Debug|Any CPU.ActiveCfg = Debug|Any CPU
		{BDD33715-36DA-4C1E-8961-FCF306A80C5E}.Debug|Any CPU.Build.0 = Debug|Any CPU
		{BDD33715-36DA-4C1E-8961-FCF306A80C5E}.Release|Any CPU.ActiveCfg = Release|Any CPU
		{BDD33715-36DA-4C1E-8961-FCF306A80C5E}.Release|Any CPU.Build.0 = Release|Any CPU
		{860B17C7-BCC0-409F-8607-1F6D63C9D6F4}.Debug|Any CPU.ActiveCfg = Debug|Any CPU
		{860B17C7-BCC0-409F-8607-1F6D63C9D6F4}.Debug|Any CPU.Build.0 = Debug|Any CPU
		{860B17C7-BCC0-409F-8607-1F6D63C9D6F4}.Release|Any CPU.ActiveCfg = Release|Any CPU
		{860B17C7-BCC0-409F-8607-1F6D63C9D6F4}.Release|Any CPU.Build.0 = Release|Any CPU
		{48F1D88F-0209-409B-8F22-B6A34072B1D8}.Debug|Any CPU.ActiveCfg = Debug|Any CPU
		{48F1D88F-0209-409B-8F22-B6A34072B1D8}.Debug|Any CPU.Build.0 = Debug|Any CPU
		{48F1D88F-0209-409B-8F22-B6A34072B1D8}.Release|Any CPU.ActiveCfg = Release|Any CPU
		{48F1D88F-0209-409B-8F22-B6A34072B1D8}.Release|Any CPU.Build.0 = Release|Any CPU
		{CE19CE15-3646-49D8-A78A-8626F56E5B13}.Debug|Any CPU.ActiveCfg = Debug|Any CPU
		{CE19CE15-3646-49D8-A78A-8626F56E5B13}.Debug|Any CPU.Build.0 = Debug|Any CPU
		{CE19CE15-3646-49D8-A78A-8626F56E5B13}.Release|Any CPU.ActiveCfg = Release|Any CPU
		{CE19CE15-3646-49D8-A78A-8626F56E5B13}.Release|Any CPU.Build.0 = Release|Any CPU
		{B88ABE39-A885-4EF9-AFD6-16F5D0F9C1D3}.Debug|Any CPU.ActiveCfg = Debug|Any CPU
		{B88ABE39-A885-4EF9-AFD6-16F5D0F9C1D3}.Debug|Any CPU.Build.0 = Debug|Any CPU
		{B88ABE39-A885-4EF9-AFD6-16F5D0F9C1D3}.Release|Any CPU.ActiveCfg = Release|Any CPU
		{B88ABE39-A885-4EF9-AFD6-16F5D0F9C1D3}.Release|Any CPU.Build.0 = Release|Any CPU
		{8E340E83-A0B2-42C1-99D0-CBDD5708ED00}.Debug|Any CPU.ActiveCfg = Debug|Any CPU
		{8E340E83-A0B2-42C1-99D0-CBDD5708ED00}.Debug|Any CPU.Build.0 = Debug|Any CPU
		{8E340E83-A0B2-42C1-99D0-CBDD5708ED00}.Release|Any CPU.ActiveCfg = Release|Any CPU
		{8E340E83-A0B2-42C1-99D0-CBDD5708ED00}.Release|Any CPU.Build.0 = Release|Any CPU
		{E22D01A9-7E71-401A-9AD9-7CA7F40CB6E8}.Debug|Any CPU.ActiveCfg = Debug|Any CPU
		{E22D01A9-7E71-401A-9AD9-7CA7F40CB6E8}.Debug|Any CPU.Build.0 = Debug|Any CPU
		{E22D01A9-7E71-401A-9AD9-7CA7F40CB6E8}.Release|Any CPU.ActiveCfg = Release|Any CPU
		{E22D01A9-7E71-401A-9AD9-7CA7F40CB6E8}.Release|Any CPU.Build.0 = Release|Any CPU
		{0F8AAD2A-A076-4AFD-B062-7EED6BF1774F}.Debug|Any CPU.ActiveCfg = Debug|Any CPU
		{0F8AAD2A-A076-4AFD-B062-7EED6BF1774F}.Debug|Any CPU.Build.0 = Debug|Any CPU
		{0F8AAD2A-A076-4AFD-B062-7EED6BF1774F}.Release|Any CPU.ActiveCfg = Release|Any CPU
		{0F8AAD2A-A076-4AFD-B062-7EED6BF1774F}.Release|Any CPU.Build.0 = Release|Any CPU
		{B285FF14-8916-4D57-B451-5653EF1B9EB1}.Debug|Any CPU.ActiveCfg = Debug|Any CPU
		{B285FF14-8916-4D57-B451-5653EF1B9EB1}.Debug|Any CPU.Build.0 = Debug|Any CPU
		{B285FF14-8916-4D57-B451-5653EF1B9EB1}.Release|Any CPU.ActiveCfg = Release|Any CPU
		{B285FF14-8916-4D57-B451-5653EF1B9EB1}.Release|Any CPU.Build.0 = Release|Any CPU
		{3B0A5DD3-7056-4E68-9DF3-56C6F270941A}.Debug|Any CPU.ActiveCfg = Debug|Any CPU
		{3B0A5DD3-7056-4E68-9DF3-56C6F270941A}.Debug|Any CPU.Build.0 = Debug|Any CPU
		{3B0A5DD3-7056-4E68-9DF3-56C6F270941A}.Release|Any CPU.ActiveCfg = Release|Any CPU
		{3B0A5DD3-7056-4E68-9DF3-56C6F270941A}.Release|Any CPU.Build.0 = Release|Any CPU
		{05D87A3C-0D76-46FA-A83D-0765CB335800}.Debug|Any CPU.ActiveCfg = Debug|Any CPU
		{05D87A3C-0D76-46FA-A83D-0765CB335800}.Debug|Any CPU.Build.0 = Debug|Any CPU
		{05D87A3C-0D76-46FA-A83D-0765CB335800}.Release|Any CPU.ActiveCfg = Release|Any CPU
		{05D87A3C-0D76-46FA-A83D-0765CB335800}.Release|Any CPU.Build.0 = Release|Any CPU
		{56E9DD8E-D140-4287-A388-18870AE58C02}.Debug|Any CPU.ActiveCfg = Debug|Any CPU
		{56E9DD8E-D140-4287-A388-18870AE58C02}.Debug|Any CPU.Build.0 = Debug|Any CPU
		{56E9DD8E-D140-4287-A388-18870AE58C02}.Release|Any CPU.ActiveCfg = Release|Any CPU
		{56E9DD8E-D140-4287-A388-18870AE58C02}.Release|Any CPU.Build.0 = Release|Any CPU
	EndGlobalSection
	GlobalSection(SolutionProperties) = preSolution
		HideSolutionNode = FALSE
	EndGlobalSection
	GlobalSection(ExtensibilityGlobals) = postSolution
		SolutionGuid = {C640368F-187C-4A00-89A0-A461461EEE45}
	EndGlobalSection
EndGlobal
