
Microsoft Visual Studio Solution File, Format Version 12.00
# Visual Studio Version 17
VisualStudioVersion = 17.0.32126.317
MinimumVisualStudioVersion = 10.0.40219.1
Project("{9A19103F-16F7-4668-BE54-9A1E7A4F7556}") = "BHoM_Engine", "..\..\BHoM_Engine\BHoM_Engine.csproj", "{978825AF-5522-4974-840A-72FC7192D1FB}"
EndProject
Project("{9A19103F-16F7-4668-BE54-9A1E7A4F7556}") = "Structure_Engine", "..\..\Structure_Engine\Structure_Engine.csproj", "{9A86AC32-8F89-4D44-BB66-ECDFAF8FACA7}"
EndProject
Project("{2150E333-8FDC-42A3-9474-1A3956D46DE8}") = "Tests", "Tests", "{A7280E70-8F44-4DF9-A3C7-D4105651001D}"
EndProject
Project("{9A19103F-16F7-4668-BE54-9A1E7A4F7556}") = "Serialiser_Engine", "..\..\Serialiser_Engine\Serialiser_Engine.csproj", "{11FC0690-622A-42E4-8C3D-E8716B64434C}"
EndProject
Project("{9A19103F-16F7-4668-BE54-9A1E7A4F7556}") = "Versioning_Engine", "..\..\Versioning_Engine\Versioning_Engine.csproj", "{F0221C0C-830D-4BC7-B0A6-B2DCBD177EE2}"
EndProject
Project("{9A19103F-16F7-4668-BE54-9A1E7A4F7556}") = "Base_Engine_Tests", "Base_Engine_Tests\Base_Engine_Tests.csproj", "{CC1F950E-D22F-443E-BB63-D6C0B013E3E7}"
EndProject
Project("{9A19103F-16F7-4668-BE54-9A1E7A4F7556}") = "Serialiser_Engine_Tests", "Serialiser_Engine_Tests\Serialiser_Engine_Tests.csproj", "{9D02A8E2-D414-4633-9487-75A779E483A7}"
EndProject
Project("{9A19103F-16F7-4668-BE54-9A1E7A4F7556}") = "Structure_Engine_Tests", "Structure_Engine_Tests\Structure_Engine_Tests.csproj", "{FCC23B54-9A9E-4DA0-AB91-B4D5A739A9B6}"
EndProject
Project("{9A19103F-16F7-4668-BE54-9A1E7A4F7556}") = "TestHelper_Engine", "TestHelper_Engine\TestHelper_Engine.csproj", "{04990536-063C-446B-8043-E3850617CF0A}"
EndProject
Project("{FAE04EC0-301F-11D3-BF4B-00C04F79EFBC}") = "Spatial_Engine", "..\..\Spatial_Engine\Spatial_Engine.csproj", "{2FA172B8-1C8B-02FD-7DDA-EAFA8F9ABF98}"
EndProject
Global
	GlobalSection(SolutionConfigurationPlatforms) = preSolution
		Debug|Any CPU = Debug|Any CPU
		Release|Any CPU = Release|Any CPU
		Test|Any CPU = Test|Any CPU
	EndGlobalSection
	GlobalSection(ProjectConfigurationPlatforms) = postSolution
		{978825AF-5522-4974-840A-72FC7192D1FB}.Debug|Any CPU.ActiveCfg = Debug|Any CPU
		{978825AF-5522-4974-840A-72FC7192D1FB}.Debug|Any CPU.Build.0 = Debug|Any CPU
		{978825AF-5522-4974-840A-72FC7192D1FB}.Release|Any CPU.ActiveCfg = Release|Any CPU
		{978825AF-5522-4974-840A-72FC7192D1FB}.Release|Any CPU.Build.0 = Release|Any CPU
		{978825AF-5522-4974-840A-72FC7192D1FB}.Test|Any CPU.ActiveCfg = Debug|Any CPU
		{978825AF-5522-4974-840A-72FC7192D1FB}.Test|Any CPU.Build.0 = Debug|Any CPU
		{9A86AC32-8F89-4D44-BB66-ECDFAF8FACA7}.Debug|Any CPU.ActiveCfg = Debug|Any CPU
		{9A86AC32-8F89-4D44-BB66-ECDFAF8FACA7}.Debug|Any CPU.Build.0 = Debug|Any CPU
		{9A86AC32-8F89-4D44-BB66-ECDFAF8FACA7}.Release|Any CPU.ActiveCfg = Release|Any CPU
		{9A86AC32-8F89-4D44-BB66-ECDFAF8FACA7}.Release|Any CPU.Build.0 = Release|Any CPU
		{9A86AC32-8F89-4D44-BB66-ECDFAF8FACA7}.Test|Any CPU.ActiveCfg = Debug|Any CPU
		{9A86AC32-8F89-4D44-BB66-ECDFAF8FACA7}.Test|Any CPU.Build.0 = Debug|Any CPU
		{11FC0690-622A-42E4-8C3D-E8716B64434C}.Debug|Any CPU.ActiveCfg = Debug|Any CPU
		{11FC0690-622A-42E4-8C3D-E8716B64434C}.Debug|Any CPU.Build.0 = Debug|Any CPU
		{11FC0690-622A-42E4-8C3D-E8716B64434C}.Release|Any CPU.ActiveCfg = Release|Any CPU
		{11FC0690-622A-42E4-8C3D-E8716B64434C}.Release|Any CPU.Build.0 = Release|Any CPU
		{11FC0690-622A-42E4-8C3D-E8716B64434C}.Test|Any CPU.ActiveCfg = Debug|Any CPU
		{11FC0690-622A-42E4-8C3D-E8716B64434C}.Test|Any CPU.Build.0 = Debug|Any CPU
		{F0221C0C-830D-4BC7-B0A6-B2DCBD177EE2}.Debug|Any CPU.ActiveCfg = Debug|Any CPU
		{F0221C0C-830D-4BC7-B0A6-B2DCBD177EE2}.Debug|Any CPU.Build.0 = Debug|Any CPU
		{F0221C0C-830D-4BC7-B0A6-B2DCBD177EE2}.Release|Any CPU.ActiveCfg = Release|Any CPU
		{F0221C0C-830D-4BC7-B0A6-B2DCBD177EE2}.Release|Any CPU.Build.0 = Release|Any CPU
		{F0221C0C-830D-4BC7-B0A6-B2DCBD177EE2}.Test|Any CPU.ActiveCfg = Debug|Any CPU
		{F0221C0C-830D-4BC7-B0A6-B2DCBD177EE2}.Test|Any CPU.Build.0 = Debug|Any CPU
		{CC1F950E-D22F-443E-BB63-D6C0B013E3E7}.Debug|Any CPU.ActiveCfg = Debug|Any CPU
		{CC1F950E-D22F-443E-BB63-D6C0B013E3E7}.Debug|Any CPU.Build.0 = Debug|Any CPU
		{CC1F950E-D22F-443E-BB63-D6C0B013E3E7}.Release|Any CPU.ActiveCfg = Release|Any CPU
		{CC1F950E-D22F-443E-BB63-D6C0B013E3E7}.Release|Any CPU.Build.0 = Release|Any CPU
		{CC1F950E-D22F-443E-BB63-D6C0B013E3E7}.Test|Any CPU.ActiveCfg = Debug|Any CPU
		{CC1F950E-D22F-443E-BB63-D6C0B013E3E7}.Test|Any CPU.Build.0 = Debug|Any CPU
		{9D02A8E2-D414-4633-9487-75A779E483A7}.Debug|Any CPU.ActiveCfg = Debug|Any CPU
		{9D02A8E2-D414-4633-9487-75A779E483A7}.Debug|Any CPU.Build.0 = Debug|Any CPU
		{9D02A8E2-D414-4633-9487-75A779E483A7}.Release|Any CPU.ActiveCfg = Release|Any CPU
		{9D02A8E2-D414-4633-9487-75A779E483A7}.Release|Any CPU.Build.0 = Release|Any CPU
		{9D02A8E2-D414-4633-9487-75A779E483A7}.Test|Any CPU.ActiveCfg = Debug|Any CPU
		{9D02A8E2-D414-4633-9487-75A779E483A7}.Test|Any CPU.Build.0 = Debug|Any CPU
		{FCC23B54-9A9E-4DA0-AB91-B4D5A739A9B6}.Debug|Any CPU.ActiveCfg = Debug|Any CPU
		{FCC23B54-9A9E-4DA0-AB91-B4D5A739A9B6}.Debug|Any CPU.Build.0 = Debug|Any CPU
		{FCC23B54-9A9E-4DA0-AB91-B4D5A739A9B6}.Release|Any CPU.ActiveCfg = Release|Any CPU
		{FCC23B54-9A9E-4DA0-AB91-B4D5A739A9B6}.Release|Any CPU.Build.0 = Release|Any CPU
		{FCC23B54-9A9E-4DA0-AB91-B4D5A739A9B6}.Test|Any CPU.ActiveCfg = Debug|Any CPU
		{FCC23B54-9A9E-4DA0-AB91-B4D5A739A9B6}.Test|Any CPU.Build.0 = Debug|Any CPU
		{04990536-063C-446B-8043-E3850617CF0A}.Debug|Any CPU.ActiveCfg = Debug|Any CPU
		{04990536-063C-446B-8043-E3850617CF0A}.Debug|Any CPU.Build.0 = Debug|Any CPU
		{04990536-063C-446B-8043-E3850617CF0A}.Release|Any CPU.ActiveCfg = Release|Any CPU
		{04990536-063C-446B-8043-E3850617CF0A}.Release|Any CPU.Build.0 = Release|Any CPU
		{04990536-063C-446B-8043-E3850617CF0A}.Test|Any CPU.ActiveCfg = Debug|Any CPU
		{04990536-063C-446B-8043-E3850617CF0A}.Test|Any CPU.Build.0 = Debug|Any CPU
		{2FA172B8-1C8B-02FD-7DDA-EAFA8F9ABF98}.Debug|Any CPU.ActiveCfg = Debug|Any CPU
		{2FA172B8-1C8B-02FD-7DDA-EAFA8F9ABF98}.Debug|Any CPU.Build.0 = Debug|Any CPU
		{2FA172B8-1C8B-02FD-7DDA-EAFA8F9ABF98}.Release|Any CPU.ActiveCfg = Release|Any CPU
		{2FA172B8-1C8B-02FD-7DDA-EAFA8F9ABF98}.Release|Any CPU.Build.0 = Release|Any CPU
		{2FA172B8-1C8B-02FD-7DDA-EAFA8F9ABF98}.Test|Any CPU.ActiveCfg = Debug|Any CPU
		{2FA172B8-1C8B-02FD-7DDA-EAFA8F9ABF98}.Test|Any CPU.Build.0 = Debug|Any CPU
	EndGlobalSection
	GlobalSection(SolutionProperties) = preSolution
		HideSolutionNode = FALSE
	EndGlobalSection
	GlobalSection(NestedProjects) = preSolution
		{CC1F950E-D22F-443E-BB63-D6C0B013E3E7} = {A7280E70-8F44-4DF9-A3C7-D4105651001D}
		{9D02A8E2-D414-4633-9487-75A779E483A7} = {A7280E70-8F44-4DF9-A3C7-D4105651001D}
		{FCC23B54-9A9E-4DA0-AB91-B4D5A739A9B6} = {A7280E70-8F44-4DF9-A3C7-D4105651001D}
	EndGlobalSection
	GlobalSection(ExtensibilityGlobals) = postSolution
		SolutionGuid = {BB913D3B-3FD1-489E-BDF7-F8408A2DD120}
	EndGlobalSection
EndGlobal
