
Microsoft Visual Studio Solution File, Format Version 12.00
# Visual Studio 15
VisualStudioVersion = 15.0.28307.1259
MinimumVisualStudioVersion = 10.0.40219.1
Project("{FAE04EC0-301F-11D3-BF4B-00C04F79EFBC}") = "Serialiser_Test", "Serialiser_Test\Serialiser_Test.csproj", "{92F35A76-1A04-4194-9249-D459460DE328}"
EndProject
Project("{FAE04EC0-301F-11D3-BF4B-00C04F79EFBC}") = "Engine_Test", "Engine_Test\Engine_Test.csproj", "{216E8DF8-9650-4B3B-8416-959B94BC527C}"
EndProject
Global
	GlobalSection(SolutionConfigurationPlatforms) = preSolution
		Debug|Any CPU = Debug|Any CPU
		Release|Any CPU = Release|Any CPU
	EndGlobalSection
	GlobalSection(ProjectConfigurationPlatforms) = postSolution
		{92F35A76-1A04-4194-9249-D459460DE328}.Debug|Any CPU.ActiveCfg = Debug|Any CPU
		{92F35A76-1A04-4194-9249-D459460DE328}.Debug|Any CPU.Build.0 = Debug|Any CPU
		{92F35A76-1A04-4194-9249-D459460DE328}.Release|Any CPU.ActiveCfg = Release|Any CPU
		{92F35A76-1A04-4194-9249-D459460DE328}.Release|Any CPU.Build.0 = Release|Any CPU
		{216E8DF8-9650-4B3B-8416-959B94BC527C}.Debug|Any CPU.ActiveCfg = Debug|Any CPU
		{216E8DF8-9650-4B3B-8416-959B94BC527C}.Debug|Any CPU.Build.0 = Debug|Any CPU
		{216E8DF8-9650-4B3B-8416-959B94BC527C}.Release|Any CPU.ActiveCfg = Release|Any CPU
		{216E8DF8-9650-4B3B-8416-959B94BC527C}.Release|Any CPU.Build.0 = Release|Any CPU
	EndGlobalSection
	GlobalSection(SolutionProperties) = preSolution
		HideSolutionNode = FALSE
	EndGlobalSection
	GlobalSection(ExtensibilityGlobals) = postSolution
		SolutionGuid = {BB913D3B-3FD1-489E-BDF7-F8408A2DD120}
	EndGlobalSection
EndGlobal
