
Microsoft Visual Studio Solution File, Format Version 12.00
# Visual Studio Version 17
VisualStudioVersion = 17.0.32126.317
MinimumVisualStudioVersion = 10.0.40219.1
Project("{9A19103F-16F7-4668-BE54-9A1E7A4F7556}") = "BHoM_Engine", "..\..\BHoM_Engine\BHoM_Engine.csproj", "{978825AF-5522-4974-840A-72FC7192D1FB}"
EndProject
Project("{9A19103F-16F7-4668-BE54-9A1E7A4F7556}") = "Base_Engine_Tests", "Base_Engine_Tests\Base_Engine_Tests.csproj", "{7BC6FDD9-D978-4308-A021-EDE953748AB7}"
EndProject
Global
	GlobalSection(SolutionConfigurationPlatforms) = preSolution
		Debug|Any CPU = Debug|Any CPU
		Release|Any CPU = Release|Any CPU
		Test|Any CPU = Test|Any CPU
	EndGlobalSection
	GlobalSection(ProjectConfigurationPlatforms) = postSolution
		{978825AF-5522-4974-840A-72FC7192D1FB}.Debug|Any CPU.ActiveCfg = Debug|Any CPU
		{978825AF-5522-4974-840A-72FC7192D1FB}.Debug|Any CPU.Build.0 = Debug|Any CPU
		{978825AF-5522-4974-840A-72FC7192D1FB}.Release|Any CPU.ActiveCfg = Release|Any CPU
		{978825AF-5522-4974-840A-72FC7192D1FB}.Release|Any CPU.Build.0 = Release|Any CPU
		{978825AF-5522-4974-840A-72FC7192D1FB}.Test|Any CPU.ActiveCfg = Debug|Any CPU
		{978825AF-5522-4974-840A-72FC7192D1FB}.Test|Any CPU.Build.0 = Debug|Any CPU
		{7BC6FDD9-D978-4308-A021-EDE953748AB7}.Debug|Any CPU.ActiveCfg = Debug|Any CPU
		{7BC6FDD9-D978-4308-A021-EDE953748AB7}.Debug|Any CPU.Build.0 = Debug|Any CPU
		{7BC6FDD9-D978-4308-A021-EDE953748AB7}.Release|Any CPU.ActiveCfg = Release|Any CPU
		{7BC6FDD9-D978-4308-A021-EDE953748AB7}.Release|Any CPU.Build.0 = Release|Any CPU
		{7BC6FDD9-D978-4308-A021-EDE953748AB7}.Test|Any CPU.ActiveCfg = Test|Any CPU
		{7BC6FDD9-D978-4308-A021-EDE953748AB7}.Test|Any CPU.Build.0 = Test|Any CPU
	EndGlobalSection
	GlobalSection(SolutionProperties) = preSolution
		HideSolutionNode = FALSE
	EndGlobalSection
	GlobalSection(ExtensibilityGlobals) = postSolution
		SolutionGuid = {BB913D3B-3FD1-489E-BDF7-F8408A2DD120}
	EndGlobalSection
EndGlobal
